// !$*UTF8*$!
{
	archiveVersion = 1;
	classes = {
	};
	objectVersion = 56;
	objects = {

/* Begin PBXBuildFile section */
		B2764C202AE3D72600B4C463 /* HoferShoppingListApp.swift in Sources */ = {isa = PBXBuildFile; fileRef = B2764C1F2AE3D72600B4C463 /* HoferShoppingListApp.swift */; };
		B2764C222AE3D72600B4C463 /* MyContentView.swift in Sources */ = {isa = PBXBuildFile; fileRef = B2764C212AE3D72600B4C463 /* MyContentView.swift */; };
		B2764C242AE3D72800B4C463 /* Assets.xcassets in Resources */ = {isa = PBXBuildFile; fileRef = B2764C232AE3D72800B4C463 /* Assets.xcassets */; };
		B2764C272AE3D72800B4C463 /* Preview Assets.xcassets in Resources */ = {isa = PBXBuildFile; fileRef = B2764C262AE3D72800B4C463 /* Preview Assets.xcassets */; };
		B2764C2F2AE3DF8B00B4C463 /* ShoppingItem.swift in Sources */ = {isa = PBXBuildFile; fileRef = B2764C2E2AE3DF8B00B4C463 /* ShoppingItem.swift */; };
		B2764C322AE3E08B00B4C463 /* ShoppingRow.swift in Sources */ = {isa = PBXBuildFile; fileRef = B2764C312AE3E08B00B4C463 /* ShoppingRow.swift */; };
		B2764C342AE3E82A00B4C463 /* AddProduct.swift in Sources */ = {isa = PBXBuildFile; fileRef = B2764C332AE3E82A00B4C463 /* AddProduct.swift */; };
		B2764C362AE3E8D700B4C463 /* DetailView.swift in Sources */ = {isa = PBXBuildFile; fileRef = B2764C352AE3E8D700B4C463 /* DetailView.swift */; };
		B27B1E042B52B77C00DD17E1 /* Helper.swift in Sources */ = {isa = PBXBuildFile; fileRef = B27B1E032B52B77C00DD17E1 /* Helper.swift */; };
		B2A42E1E2B5BB31E00280B24 /* Localizable.strings in Resources */ = {isa = PBXBuildFile; fileRef = B2A42E202B5BB31E00280B24 /* Localizable.strings */; };
		C557F3622B5B7298007409AE /* ContentView.swift in Sources */ = {isa = PBXBuildFile; fileRef = C557F3612B5B7298007409AE /* ContentView.swift */; };
		C557F36A2B5B8353007409AE /* HoferShoppingListTests.swift in Sources */ = {isa = PBXBuildFile; fileRef = C557F3692B5B8353007409AE /* HoferShoppingListTests.swift */; };
/* End PBXBuildFile section */

/* Begin PBXContainerItemProxy section */
		C557F36B2B5B8353007409AE /* PBXContainerItemProxy */ = {
			isa = PBXContainerItemProxy;
			containerPortal = B2764C142AE3D72600B4C463 /* Project object */;
			proxyType = 1;
			remoteGlobalIDString = B2764C1B2AE3D72600B4C463;
			remoteInfo = HoferShoppingList;
		};
/* End PBXContainerItemProxy section */

/* Begin PBXFileReference section */
		B2764C1C2AE3D72600B4C463 /* HoferShoppingList.app */ = {isa = PBXFileReference; explicitFileType = wrapper.application; includeInIndex = 0; path = HoferShoppingList.app; sourceTree = BUILT_PRODUCTS_DIR; };
		B2764C1F2AE3D72600B4C463 /* HoferShoppingListApp.swift */ = {isa = PBXFileReference; lastKnownFileType = sourcecode.swift; path = HoferShoppingListApp.swift; sourceTree = "<group>"; };
		B2764C212AE3D72600B4C463 /* MyContentView.swift */ = {isa = PBXFileReference; lastKnownFileType = sourcecode.swift; path = MyContentView.swift; sourceTree = "<group>"; };
		B2764C232AE3D72800B4C463 /* Assets.xcassets */ = {isa = PBXFileReference; lastKnownFileType = folder.assetcatalog; path = Assets.xcassets; sourceTree = "<group>"; };
		B2764C262AE3D72800B4C463 /* Preview Assets.xcassets */ = {isa = PBXFileReference; lastKnownFileType = folder.assetcatalog; path = "Preview Assets.xcassets"; sourceTree = "<group>"; };
		B2764C2E2AE3DF8B00B4C463 /* ShoppingItem.swift */ = {isa = PBXFileReference; lastKnownFileType = sourcecode.swift; path = ShoppingItem.swift; sourceTree = "<group>"; };
		B2764C312AE3E08B00B4C463 /* ShoppingRow.swift */ = {isa = PBXFileReference; lastKnownFileType = sourcecode.swift; path = ShoppingRow.swift; sourceTree = "<group>"; };
		B2764C332AE3E82A00B4C463 /* AddProduct.swift */ = {isa = PBXFileReference; lastKnownFileType = sourcecode.swift; path = AddProduct.swift; sourceTree = "<group>"; };
		B2764C352AE3E8D700B4C463 /* DetailView.swift */ = {isa = PBXFileReference; lastKnownFileType = sourcecode.swift; path = DetailView.swift; sourceTree = "<group>"; };
		B27B1E032B52B77C00DD17E1 /* Helper.swift */ = {isa = PBXFileReference; lastKnownFileType = sourcecode.swift; path = Helper.swift; sourceTree = "<group>"; };
		B2A42E1F2B5BB31E00280B24 /* de */ = {isa = PBXFileReference; lastKnownFileType = text.plist.strings; name = de; path = de.lproj/Localizable.strings; sourceTree = "<group>"; };
		B2A42E212B5BB32500280B24 /* en */ = {isa = PBXFileReference; lastKnownFileType = text.plist.strings; name = en; path = en.lproj/Localizable.strings; sourceTree = "<group>"; };
		C557F3612B5B7298007409AE /* ContentView.swift */ = {isa = PBXFileReference; lastKnownFileType = sourcecode.swift; path = ContentView.swift; sourceTree = "<group>"; };
		C557F3672B5B8352007409AE /* HoferShoppingListTests.xctest */ = {isa = PBXFileReference; explicitFileType = wrapper.cfbundle; includeInIndex = 0; path = HoferShoppingListTests.xctest; sourceTree = BUILT_PRODUCTS_DIR; };
		C557F3692B5B8353007409AE /* HoferShoppingListTests.swift */ = {isa = PBXFileReference; lastKnownFileType = sourcecode.swift; path = HoferShoppingListTests.swift; sourceTree = "<group>"; };
/* End PBXFileReference section */

/* Begin PBXFrameworksBuildPhase section */
		B2764C192AE3D72600B4C463 /* Frameworks */ = {
			isa = PBXFrameworksBuildPhase;
			buildActionMask = 2147483647;
			files = (
			);
			runOnlyForDeploymentPostprocessing = 0;
		};
		C557F3642B5B8352007409AE /* Frameworks */ = {
			isa = PBXFrameworksBuildPhase;
			buildActionMask = 2147483647;
			files = (
			);
			runOnlyForDeploymentPostprocessing = 0;
		};
/* End PBXFrameworksBuildPhase section */

/* Begin PBXGroup section */
		B2764C132AE3D72600B4C463 = {
			isa = PBXGroup;
			children = (
				B2764C1E2AE3D72600B4C463 /* HoferShoppingList */,
				C557F3682B5B8353007409AE /* HoferShoppingListTests */,
				B2764C1D2AE3D72600B4C463 /* Products */,
			);
			sourceTree = "<group>";
		};
		B2764C1D2AE3D72600B4C463 /* Products */ = {
			isa = PBXGroup;
			children = (
				B2764C1C2AE3D72600B4C463 /* HoferShoppingList.app */,
				C557F3672B5B8352007409AE /* HoferShoppingListTests.xctest */,
			);
			name = Products;
			sourceTree = "<group>";
		};
		B2764C1E2AE3D72600B4C463 /* HoferShoppingList */ = {
			isa = PBXGroup;
			children = (
				B27B1E022B52B74000DD17E1 /* Helper */,
				B2764C302AE3E05E00B4C463 /* UI */,
				B2764C2D2AE3DF6200B4C463 /* Model */,
				B2764C1F2AE3D72600B4C463 /* HoferShoppingListApp.swift */,
				B2764C232AE3D72800B4C463 /* Assets.xcassets */,
				B2764C252AE3D72800B4C463 /* Preview Content */,
				B2A42E202B5BB31E00280B24 /* Localizable.strings */,
			);
			path = HoferShoppingList;
			sourceTree = "<group>";
		};
		B2764C252AE3D72800B4C463 /* Preview Content */ = {
			isa = PBXGroup;
			children = (
				B2764C262AE3D72800B4C463 /* Preview Assets.xcassets */,
			);
			path = "Preview Content";
			sourceTree = "<group>";
		};
		B2764C2D2AE3DF6200B4C463 /* Model */ = {
			isa = PBXGroup;
			children = (
				B2764C2E2AE3DF8B00B4C463 /* ShoppingItem.swift */,
			);
			path = Model;
			sourceTree = "<group>";
		};
		B2764C302AE3E05E00B4C463 /* UI */ = {
			isa = PBXGroup;
			children = (
				B2764C212AE3D72600B4C463 /* MyContentView.swift */,
				B2764C312AE3E08B00B4C463 /* ShoppingRow.swift */,
				B2764C332AE3E82A00B4C463 /* AddProduct.swift */,
				B2764C352AE3E8D700B4C463 /* DetailView.swift */,
				C557F3612B5B7298007409AE /* ContentView.swift */,
			);
			path = UI;
			sourceTree = "<group>";
		};
		B27B1E022B52B74000DD17E1 /* Helper */ = {
			isa = PBXGroup;
			children = (
				B27B1E032B52B77C00DD17E1 /* Helper.swift */,
			);
			path = Helper;
			sourceTree = "<group>";
		};
		C557F3682B5B8353007409AE /* HoferShoppingListTests */ = {
			isa = PBXGroup;
			children = (
				C557F3692B5B8353007409AE /* HoferShoppingListTests.swift */,
			);
			path = HoferShoppingListTests;
			sourceTree = "<group>";
		};
/* End PBXGroup section */

/* Begin PBXNativeTarget section */
		B2764C1B2AE3D72600B4C463 /* HoferShoppingList */ = {
			isa = PBXNativeTarget;
			buildConfigurationList = B2764C2A2AE3D72800B4C463 /* Build configuration list for PBXNativeTarget "HoferShoppingList" */;
			buildPhases = (
				B2764C182AE3D72600B4C463 /* Sources */,
				B2764C192AE3D72600B4C463 /* Frameworks */,
				B2764C1A2AE3D72600B4C463 /* Resources */,
			);
			buildRules = (
			);
			dependencies = (
			);
			name = HoferShoppingList;
			productName = HoferShoppingList;
			productReference = B2764C1C2AE3D72600B4C463 /* HoferShoppingList.app */;
			productType = "com.apple.product-type.application";
		};
		C557F3662B5B8352007409AE /* HoferShoppingListTests */ = {
			isa = PBXNativeTarget;
			buildConfigurationList = C557F36F2B5B8353007409AE /* Build configuration list for PBXNativeTarget "HoferShoppingListTests" */;
			buildPhases = (
				C557F3632B5B8352007409AE /* Sources */,
				C557F3642B5B8352007409AE /* Frameworks */,
				C557F3652B5B8352007409AE /* Resources */,
			);
			buildRules = (
			);
			dependencies = (
				C557F36C2B5B8353007409AE /* PBXTargetDependency */,
			);
			name = HoferShoppingListTests;
			productName = HoferShoppingListTests;
			productReference = C557F3672B5B8352007409AE /* HoferShoppingListTests.xctest */;
			productType = "com.apple.product-type.bundle.unit-test";
		};
/* End PBXNativeTarget section */

/* Begin PBXProject section */
		B2764C142AE3D72600B4C463 /* Project object */ = {
			isa = PBXProject;
			attributes = {
				BuildIndependentTargetsInParallel = 1;
				LastSwiftUpdateCheck = 1500;
				LastUpgradeCheck = 1500;
				TargetAttributes = {
					B2764C1B2AE3D72600B4C463 = {
						CreatedOnToolsVersion = 15.0;
					};
					C557F3662B5B8352007409AE = {
						CreatedOnToolsVersion = 15.0.1;
						TestTargetID = B2764C1B2AE3D72600B4C463;
					};
				};
			};
			buildConfigurationList = B2764C172AE3D72600B4C463 /* Build configuration list for PBXProject "HoferShoppingList" */;
			compatibilityVersion = "Xcode 14.0";
			developmentRegion = en;
			hasScannedForEncodings = 0;
			knownRegions = (
				en,
				Base,
				de,
			);
			mainGroup = B2764C132AE3D72600B4C463;
			productRefGroup = B2764C1D2AE3D72600B4C463 /* Products */;
			projectDirPath = "";
			projectRoot = "";
			targets = (
				B2764C1B2AE3D72600B4C463 /* HoferShoppingList */,
				C557F3662B5B8352007409AE /* HoferShoppingListTests */,
			);
		};
/* End PBXProject section */

/* Begin PBXResourcesBuildPhase section */
		B2764C1A2AE3D72600B4C463 /* Resources */ = {
			isa = PBXResourcesBuildPhase;
			buildActionMask = 2147483647;
			files = (
				B2764C272AE3D72800B4C463 /* Preview Assets.xcassets in Resources */,
				B2A42E1E2B5BB31E00280B24 /* Localizable.strings in Resources */,
				B2764C242AE3D72800B4C463 /* Assets.xcassets in Resources */,
			);
			runOnlyForDeploymentPostprocessing = 0;
		};
		C557F3652B5B8352007409AE /* Resources */ = {
			isa = PBXResourcesBuildPhase;
			buildActionMask = 2147483647;
			files = (
			);
			runOnlyForDeploymentPostprocessing = 0;
		};
/* End PBXResourcesBuildPhase section */

/* Begin PBXSourcesBuildPhase section */
		B2764C182AE3D72600B4C463 /* Sources */ = {
			isa = PBXSourcesBuildPhase;
			buildActionMask = 2147483647;
			files = (
				B2764C322AE3E08B00B4C463 /* ShoppingRow.swift in Sources */,
				B27B1E042B52B77C00DD17E1 /* Helper.swift in Sources */,
				C557F3622B5B7298007409AE /* ContentView.swift in Sources */,
				B2764C362AE3E8D700B4C463 /* DetailView.swift in Sources */,
				B2764C2F2AE3DF8B00B4C463 /* ShoppingItem.swift in Sources */,
				B2764C222AE3D72600B4C463 /* MyContentView.swift in Sources */,
				B2764C342AE3E82A00B4C463 /* AddProduct.swift in Sources */,
				B2764C202AE3D72600B4C463 /* HoferShoppingListApp.swift in Sources */,
			);
			runOnlyForDeploymentPostprocessing = 0;
		};
		C557F3632B5B8352007409AE /* Sources */ = {
			isa = PBXSourcesBuildPhase;
			buildActionMask = 2147483647;
			files = (
				C557F36A2B5B8353007409AE /* HoferShoppingListTests.swift in Sources */,
			);
			runOnlyForDeploymentPostprocessing = 0;
		};
/* End PBXSourcesBuildPhase section */

/* Begin PBXTargetDependency section */
		C557F36C2B5B8353007409AE /* PBXTargetDependency */ = {
			isa = PBXTargetDependency;
			target = B2764C1B2AE3D72600B4C463 /* HoferShoppingList */;
			targetProxy = C557F36B2B5B8353007409AE /* PBXContainerItemProxy */;
		};
/* End PBXTargetDependency section */

/* Begin PBXVariantGroup section */
		B2A42E202B5BB31E00280B24 /* Localizable.strings */ = {
			isa = PBXVariantGroup;
			children = (
				B2A42E1F2B5BB31E00280B24 /* de */,
				B2A42E212B5BB32500280B24 /* en */,
			);
			name = Localizable.strings;
			sourceTree = "<group>";
		};
/* End PBXVariantGroup section */

/* Begin XCBuildConfiguration section */
		B2764C282AE3D72800B4C463 /* Debug */ = {
			isa = XCBuildConfiguration;
			buildSettings = {
				ALWAYS_SEARCH_USER_PATHS = NO;
				ASSETCATALOG_COMPILER_GENERATE_SWIFT_ASSET_SYMBOL_EXTENSIONS = YES;
				CLANG_ANALYZER_NONNULL = YES;
				CLANG_ANALYZER_NUMBER_OBJECT_CONVERSION = YES_AGGRESSIVE;
				CLANG_CXX_LANGUAGE_STANDARD = "gnu++20";
				CLANG_ENABLE_MODULES = YES;
				CLANG_ENABLE_OBJC_ARC = YES;
				CLANG_ENABLE_OBJC_WEAK = YES;
				CLANG_WARN_BLOCK_CAPTURE_AUTORELEASING = YES;
				CLANG_WARN_BOOL_CONVERSION = YES;
				CLANG_WARN_COMMA = YES;
				CLANG_WARN_CONSTANT_CONVERSION = YES;
				CLANG_WARN_DEPRECATED_OBJC_IMPLEMENTATIONS = YES;
				CLANG_WARN_DIRECT_OBJC_ISA_USAGE = YES_ERROR;
				CLANG_WARN_DOCUMENTATION_COMMENTS = YES;
				CLANG_WARN_EMPTY_BODY = YES;
				CLANG_WARN_ENUM_CONVERSION = YES;
				CLANG_WARN_INFINITE_RECURSION = YES;
				CLANG_WARN_INT_CONVERSION = YES;
				CLANG_WARN_NON_LITERAL_NULL_CONVERSION = YES;
				CLANG_WARN_OBJC_IMPLICIT_RETAIN_SELF = YES;
				CLANG_WARN_OBJC_LITERAL_CONVERSION = YES;
				CLANG_WARN_OBJC_ROOT_CLASS = YES_ERROR;
				CLANG_WARN_QUOTED_INCLUDE_IN_FRAMEWORK_HEADER = YES;
				CLANG_WARN_RANGE_LOOP_ANALYSIS = YES;
				CLANG_WARN_STRICT_PROTOTYPES = YES;
				CLANG_WARN_SUSPICIOUS_MOVE = YES;
				CLANG_WARN_UNGUARDED_AVAILABILITY = YES_AGGRESSIVE;
				CLANG_WARN_UNREACHABLE_CODE = YES;
				CLANG_WARN__DUPLICATE_METHOD_MATCH = YES;
				COPY_PHASE_STRIP = NO;
				DEBUG_INFORMATION_FORMAT = dwarf;
				ENABLE_STRICT_OBJC_MSGSEND = YES;
				ENABLE_TESTABILITY = YES;
				ENABLE_USER_SCRIPT_SANDBOXING = YES;
				GCC_C_LANGUAGE_STANDARD = gnu17;
				GCC_DYNAMIC_NO_PIC = NO;
				GCC_NO_COMMON_BLOCKS = YES;
				GCC_OPTIMIZATION_LEVEL = 0;
				GCC_PREPROCESSOR_DEFINITIONS = (
					"DEBUG=1",
					"$(inherited)",
				);
				GCC_WARN_64_TO_32_BIT_CONVERSION = YES;
				GCC_WARN_ABOUT_RETURN_TYPE = YES_ERROR;
				GCC_WARN_UNDECLARED_SELECTOR = YES;
				GCC_WARN_UNINITIALIZED_AUTOS = YES_AGGRESSIVE;
				GCC_WARN_UNUSED_FUNCTION = YES;
				GCC_WARN_UNUSED_VARIABLE = YES;
				IPHONEOS_DEPLOYMENT_TARGET = 17.0;
				LOCALIZATION_PREFERS_STRING_CATALOGS = YES;
				MTL_ENABLE_DEBUG_INFO = INCLUDE_SOURCE;
				MTL_FAST_MATH = YES;
				ONLY_ACTIVE_ARCH = YES;
				SDKROOT = iphoneos;
				SWIFT_ACTIVE_COMPILATION_CONDITIONS = "DEBUG $(inherited)";
				SWIFT_OPTIMIZATION_LEVEL = "-Onone";
			};
			name = Debug;
		};
		B2764C292AE3D72800B4C463 /* Release */ = {
			isa = XCBuildConfiguration;
			buildSettings = {
				ALWAYS_SEARCH_USER_PATHS = NO;
				ASSETCATALOG_COMPILER_GENERATE_SWIFT_ASSET_SYMBOL_EXTENSIONS = YES;
				CLANG_ANALYZER_NONNULL = YES;
				CLANG_ANALYZER_NUMBER_OBJECT_CONVERSION = YES_AGGRESSIVE;
				CLANG_CXX_LANGUAGE_STANDARD = "gnu++20";
				CLANG_ENABLE_MODULES = YES;
				CLANG_ENABLE_OBJC_ARC = YES;
				CLANG_ENABLE_OBJC_WEAK = YES;
				CLANG_WARN_BLOCK_CAPTURE_AUTORELEASING = YES;
				CLANG_WARN_BOOL_CONVERSION = YES;
				CLANG_WARN_COMMA = YES;
				CLANG_WARN_CONSTANT_CONVERSION = YES;
				CLANG_WARN_DEPRECATED_OBJC_IMPLEMENTATIONS = YES;
				CLANG_WARN_DIRECT_OBJC_ISA_USAGE = YES_ERROR;
				CLANG_WARN_DOCUMENTATION_COMMENTS = YES;
				CLANG_WARN_EMPTY_BODY = YES;
				CLANG_WARN_ENUM_CONVERSION = YES;
				CLANG_WARN_INFINITE_RECURSION = YES;
				CLANG_WARN_INT_CONVERSION = YES;
				CLANG_WARN_NON_LITERAL_NULL_CONVERSION = YES;
				CLANG_WARN_OBJC_IMPLICIT_RETAIN_SELF = YES;
				CLANG_WARN_OBJC_LITERAL_CONVERSION = YES;
				CLANG_WARN_OBJC_ROOT_CLASS = YES_ERROR;
				CLANG_WARN_QUOTED_INCLUDE_IN_FRAMEWORK_HEADER = YES;
				CLANG_WARN_RANGE_LOOP_ANALYSIS = YES;
				CLANG_WARN_STRICT_PROTOTYPES = YES;
				CLANG_WARN_SUSPICIOUS_MOVE = YES;
				CLANG_WARN_UNGUARDED_AVAILABILITY = YES_AGGRESSIVE;
				CLANG_WARN_UNREACHABLE_CODE = YES;
				CLANG_WARN__DUPLICATE_METHOD_MATCH = YES;
				COPY_PHASE_STRIP = NO;
				DEBUG_INFORMATION_FORMAT = "dwarf-with-dsym";
				ENABLE_NS_ASSERTIONS = NO;
				ENABLE_STRICT_OBJC_MSGSEND = YES;
				ENABLE_USER_SCRIPT_SANDBOXING = YES;
				GCC_C_LANGUAGE_STANDARD = gnu17;
				GCC_NO_COMMON_BLOCKS = YES;
				GCC_WARN_64_TO_32_BIT_CONVERSION = YES;
				GCC_WARN_ABOUT_RETURN_TYPE = YES_ERROR;
				GCC_WARN_UNDECLARED_SELECTOR = YES;
				GCC_WARN_UNINITIALIZED_AUTOS = YES_AGGRESSIVE;
				GCC_WARN_UNUSED_FUNCTION = YES;
				GCC_WARN_UNUSED_VARIABLE = YES;
				IPHONEOS_DEPLOYMENT_TARGET = 17.0;
				LOCALIZATION_PREFERS_STRING_CATALOGS = YES;
				MTL_ENABLE_DEBUG_INFO = NO;
				MTL_FAST_MATH = YES;
				SDKROOT = iphoneos;
				SWIFT_COMPILATION_MODE = wholemodule;
				VALIDATE_PRODUCT = YES;
			};
			name = Release;
		};
		B2764C2B2AE3D72800B4C463 /* Debug */ = {
			isa = XCBuildConfiguration;
			buildSettings = {
				ASSETCATALOG_COMPILER_APPICON_NAME = AppIcon;
				ASSETCATALOG_COMPILER_GLOBAL_ACCENT_COLOR_NAME = AccentColor;
				CODE_SIGN_STYLE = Automatic;
				CURRENT_PROJECT_VERSION = 1;
				DEVELOPMENT_ASSET_PATHS = "\"HoferShoppingList/Preview Content\"";
				ENABLE_PREVIEWS = YES;
				GENERATE_INFOPLIST_FILE = YES;
				INFOPLIST_KEY_NSFaceIDUsageDescription = "For protection we need face id";
				INFOPLIST_KEY_UIApplicationSceneManifest_Generation = YES;
				INFOPLIST_KEY_UIApplicationSupportsIndirectInputEvents = YES;
				INFOPLIST_KEY_UILaunchScreen_Generation = YES;
				INFOPLIST_KEY_UISupportedInterfaceOrientations_iPad = "UIInterfaceOrientationPortrait UIInterfaceOrientationPortraitUpsideDown UIInterfaceOrientationLandscapeLeft UIInterfaceOrientationLandscapeRight";
				INFOPLIST_KEY_UISupportedInterfaceOrientations_iPhone = "UIInterfaceOrientationPortrait UIInterfaceOrientationLandscapeLeft UIInterfaceOrientationLandscapeRight";
				LD_RUNPATH_SEARCH_PATHS = (
					"$(inherited)",
					"@executable_path/Frameworks",
				);
				MARKETING_VERSION = 1.0;
				PRODUCT_BUNDLE_IDENTIFIER = at.fhj.HoferShoppingList;
				PRODUCT_NAME = "$(TARGET_NAME)";
				SUPPORTED_PLATFORMS = "iphoneos iphonesimulator";
				SUPPORTS_MACCATALYST = NO;
				SUPPORTS_MAC_DESIGNED_FOR_IPHONE_IPAD = NO;
				SWIFT_EMIT_LOC_STRINGS = YES;
				SWIFT_VERSION = 5.0;
				TARGETED_DEVICE_FAMILY = 1;
			};
			name = Debug;
		};
		B2764C2C2AE3D72800B4C463 /* Release */ = {
			isa = XCBuildConfiguration;
			buildSettings = {
				ASSETCATALOG_COMPILER_APPICON_NAME = AppIcon;
				ASSETCATALOG_COMPILER_GLOBAL_ACCENT_COLOR_NAME = AccentColor;
				CODE_SIGN_STYLE = Automatic;
				CURRENT_PROJECT_VERSION = 1;
				DEVELOPMENT_ASSET_PATHS = "\"HoferShoppingList/Preview Content\"";
				ENABLE_PREVIEWS = YES;
				GENERATE_INFOPLIST_FILE = YES;
				INFOPLIST_KEY_NSFaceIDUsageDescription = "For protection we need face id";
				INFOPLIST_KEY_UIApplicationSceneManifest_Generation = YES;
				INFOPLIST_KEY_UIApplicationSupportsIndirectInputEvents = YES;
				INFOPLIST_KEY_UILaunchScreen_Generation = YES;
				INFOPLIST_KEY_UISupportedInterfaceOrientations_iPad = "UIInterfaceOrientationPortrait UIInterfaceOrientationPortraitUpsideDown UIInterfaceOrientationLandscapeLeft UIInterfaceOrientationLandscapeRight";
				INFOPLIST_KEY_UISupportedInterfaceOrientations_iPhone = "UIInterfaceOrientationPortrait UIInterfaceOrientationLandscapeLeft UIInterfaceOrientationLandscapeRight";
				LD_RUNPATH_SEARCH_PATHS = (
					"$(inherited)",
					"@executable_path/Frameworks",
				);
				MARKETING_VERSION = 1.0;
				PRODUCT_BUNDLE_IDENTIFIER = at.fhj.HoferShoppingList;
				PRODUCT_NAME = "$(TARGET_NAME)";
				SUPPORTED_PLATFORMS = "iphoneos iphonesimulator";
				SUPPORTS_MACCATALYST = NO;
				SUPPORTS_MAC_DESIGNED_FOR_IPHONE_IPAD = NO;
				SWIFT_EMIT_LOC_STRINGS = YES;
				SWIFT_VERSION = 5.0;
				TARGETED_DEVICE_FAMILY = 1;
			};
			name = Release;
		};
		C557F36D2B5B8353007409AE /* Debug */ = {
			isa = XCBuildConfiguration;
			buildSettings = {
				BUNDLE_LOADER = "$(TEST_HOST)";
				CODE_SIGN_STYLE = Automatic;
				CURRENT_PROJECT_VERSION = 1;
				GENERATE_INFOPLIST_FILE = YES;
				MARKETING_VERSION = 1.0;
				PRODUCT_BUNDLE_IDENTIFIER = at.fhj.ims.HoferShoppingListTests;
				PRODUCT_NAME = "$(TARGET_NAME)";
				SWIFT_EMIT_LOC_STRINGS = NO;
				SWIFT_VERSION = 5.0;
				TARGETED_DEVICE_FAMILY = "1,2";
				TEST_HOST = "$(BUILT_PRODUCTS_DIR)/HoferShoppingList.app/$(BUNDLE_EXECUTABLE_FOLDER_PATH)/HoferShoppingList";
			};
			name = Debug;
		};
		C557F36E2B5B8353007409AE /* Release */ = {
			isa = XCBuildConfiguration;
			buildSettings = {
				BUNDLE_LOADER = "$(TEST_HOST)";
				CODE_SIGN_STYLE = Automatic;
				CURRENT_PROJECT_VERSION = 1;
				GENERATE_INFOPLIST_FILE = YES;
				MARKETING_VERSION = 1.0;
				PRODUCT_BUNDLE_IDENTIFIER = at.fhj.ims.HoferShoppingListTests;
				PRODUCT_NAME = "$(TARGET_NAME)";
				SWIFT_EMIT_LOC_STRINGS = NO;
				SWIFT_VERSION = 5.0;
				TARGETED_DEVICE_FAMILY = "1,2";
				TEST_HOST = "$(BUILT_PRODUCTS_DIR)/HoferShoppingList.app/$(BUNDLE_EXECUTABLE_FOLDER_PATH)/HoferShoppingList";
			};
			name = Release;
		};
/* End XCBuildConfiguration section */

/* Begin XCConfigurationList section */
		B2764C172AE3D72600B4C463 /* Build configuration list for PBXProject "HoferShoppingList" */ = {
			isa = XCConfigurationList;
			buildConfigurations = (
				B2764C282AE3D72800B4C463 /* Debug */,
				B2764C292AE3D72800B4C463 /* Release */,
			);
			defaultConfigurationIsVisible = 0;
			defaultConfigurationName = Release;
		};
		B2764C2A2AE3D72800B4C463 /* Build configuration list for PBXNativeTarget "HoferShoppingList" */ = {
			isa = XCConfigurationList;
			buildConfigurations = (
				B2764C2B2AE3D72800B4C463 /* Debug */,
				B2764C2C2AE3D72800B4C463 /* Release */,
			);
			defaultConfigurationIsVisible = 0;
			defaultConfigurationName = Release;
		};
		C557F36F2B5B8353007409AE /* Build configuration list for PBXNativeTarget "HoferShoppingListTests" */ = {
			isa = XCConfigurationList;
			buildConfigurations = (
				C557F36D2B5B8353007409AE /* Debug */,
				C557F36E2B5B8353007409AE /* Release */,
			);
			defaultConfigurationIsVisible = 0;
			defaultConfigurationName = Release;
		};
/* End XCConfigurationList section */
	};
	rootObject = B2764C142AE3D72600B4C463 /* Project object */;
}
